
Microsoft Visual Studio Solution File, Format Version 12.00
# Visual Studio Version 16
VisualStudioVersion = 16.0.29519.87
MinimumVisualStudioVersion = 10.0.40219.1
Project("{FAE04EC0-301F-11D3-BF4B-00C04F79EFBC}") = "Sleddog.Blink1", "Sleddog.Blink1\Sleddog.Blink1.csproj", "{87076250-788F-4E71-8910-DD6125A85761}"
EndProject
Project("{FAE04EC0-301F-11D3-BF4B-00C04F79EFBC}") = "Sleddog.Blink1.Tests", "Sleddog.Blink1.Tests\Sleddog.Blink1.Tests.csproj", "{2BB93595-4256-483F-9A1E-03E57A06DE3E}"
EndProject
Project("{FAE04EC0-301F-11D3-BF4B-00C04F79EFBC}") = "Sleddog.Blink1.ExplicitTests", "Sleddog.Blink1.ExplicitTests\Sleddog.Blink1.ExplicitTests.csproj", "{CE262CAE-D218-44B8-A11F-F0F4AC42F5E1}"
EndProject
Project("{FAE04EC0-301F-11D3-BF4B-00C04F79EFBC}") = "Sleddog.Blink1.V2", "Sleddog.Blink1.V2\Sleddog.Blink1.V2.csproj", "{CBA50BBC-12A6-4AB4-9A4F-185AA892450E}"
EndProject
Global
	GlobalSection(SolutionConfigurationPlatforms) = preSolution
		Debug|Any CPU = Debug|Any CPU
		Release|Any CPU = Release|Any CPU
	EndGlobalSection
	GlobalSection(ProjectConfigurationPlatforms) = postSolution
		{87076250-788F-4E71-8910-DD6125A85761}.Debug|Any CPU.ActiveCfg = Debug|Any CPU
		{87076250-788F-4E71-8910-DD6125A85761}.Debug|Any CPU.Build.0 = Debug|Any CPU
		{87076250-788F-4E71-8910-DD6125A85761}.Release|Any CPU.ActiveCfg = Release|Any CPU
		{87076250-788F-4E71-8910-DD6125A85761}.Release|Any CPU.Build.0 = Release|Any CPU
		{2BB93595-4256-483F-9A1E-03E57A06DE3E}.Debug|Any CPU.ActiveCfg = Debug|Any CPU
		{2BB93595-4256-483F-9A1E-03E57A06DE3E}.Debug|Any CPU.Build.0 = Debug|Any CPU
		{2BB93595-4256-483F-9A1E-03E57A06DE3E}.Release|Any CPU.ActiveCfg = Release|Any CPU
		{2BB93595-4256-483F-9A1E-03E57A06DE3E}.Release|Any CPU.Build.0 = Release|Any CPU
		{CE262CAE-D218-44B8-A11F-F0F4AC42F5E1}.Debug|Any CPU.ActiveCfg = Debug|Any CPU
		{CE262CAE-D218-44B8-A11F-F0F4AC42F5E1}.Debug|Any CPU.Build.0 = Debug|Any CPU
		{CE262CAE-D218-44B8-A11F-F0F4AC42F5E1}.Release|Any CPU.ActiveCfg = Release|Any CPU
		{CE262CAE-D218-44B8-A11F-F0F4AC42F5E1}.Release|Any CPU.Build.0 = Release|Any CPU
		{CBA50BBC-12A6-4AB4-9A4F-185AA892450E}.Debug|Any CPU.ActiveCfg = Debug|Any CPU
		{CBA50BBC-12A6-4AB4-9A4F-185AA892450E}.Debug|Any CPU.Build.0 = Debug|Any CPU
		{CBA50BBC-12A6-4AB4-9A4F-185AA892450E}.Release|Any CPU.ActiveCfg = Release|Any CPU
		{CBA50BBC-12A6-4AB4-9A4F-185AA892450E}.Release|Any CPU.Build.0 = Release|Any CPU
	EndGlobalSection
	GlobalSection(SolutionProperties) = preSolution
		HideSolutionNode = FALSE
	EndGlobalSection
	GlobalSection(ExtensibilityGlobals) = postSolution
		SolutionGuid = {3845C883-F9E3-44C9-B89F-54FC35E0BA8B}
	EndGlobalSection
EndGlobal
