{
  "version": 1,
  "dependencies": {
    "net9.0": {
      "HidApi.Net": {
        "type": "Direct",
        "requested": "[1.2.0, )",
        "resolved": "1.2.0",
        "contentHash": "BDrwi7fOMpCrxxmPxSjA0KUZCSjou8zI3joit1p7FbSqGvxUaGhg9fweIzl8zla4by8cNEGfYw8ZH6+4wohk9g==",
        "dependencies": {
          "WCharT.Net": "0.1.3"
        }
      },
      "System.Reactive": {
        "type": "Direct",
        "requested": "[6.1.0, )",
        "resolved": "6.1.0",
        "contentHash": "M5cCC1ZMkZr9jbSQGTHnVkb5TDN67qWCV7AP8TAHdGkvDlu0puT5NzemESNn9+HkYIDpWpocP68/i+/ame2/2w=="
      },
      "WCharT.Net": {
        "type": "Transitive",
        "resolved": "0.1.3",
        "contentHash": "9DGQoRSxZ6evYHOFYmy67Ph9dRXAIpUQS5iepOtovIR9qUGEDN6Kx48iruS3o0HF0wAHjMfDFjbBscoVcvK5Cw=="
      }
    }
  }
}