{
  "version": 1,
  "dependencies": {
    "net9.0": {
      "HidApi.Net": {
        "type": "Direct",
        "requested": "[1.2.0, )",
        "resolved": "1.2.0",
        "contentHash": "BDrwi7fOMpCrxxmPxSjA0KUZCSjou8zI3joit1p7FbSqGvxUaGhg9fweIzl8zla4by8cNEGfYw8ZH6+4wohk9g==",
        "dependencies": {
          "WCharT.Net": "0.1.3"
        }
      },
      "System.Reactive": {
        "type": "Direct",
        "requested": "[6.0.2, )",
        "resolved": "6.0.2",
        "contentHash": "jEK6E66wojW/dPPnLyOHuAQwa7WKvXwPd5vXcMNNi1igvFyzHQVRNlpmnBb3I1URBsK5PGJcJYRykERZJr0l4g=="
      },
      "WCharT.Net": {
        "type": "Transitive",
        "resolved": "0.1.3",
        "contentHash": "9DGQoRSxZ6evYHOFYmy67Ph9dRXAIpUQS5iepOtovIR9qUGEDN6Kx48iruS3o0HF0wAHjMfDFjbBscoVcvK5Cw=="
      }
    }
  }
}